
Microsoft Visual Studio Solution File, Format Version 10.00
# Visual Studio 2008
Project("{FAE04EC0-301F-11D3-BF4B-00C04F79EFBC}") = "MonoDevelop.Debugger.Soft.Unity", "MonoDevelop.Debugger.Soft.Unity.csproj", "{42407518-6F18-401E-BDA2-730BE36DFF26}"
EndProject
Global
	GlobalSection(SolutionConfigurationPlatforms) = preSolution
		Debug|Any CPU = Debug|Any CPU
		Release|Any CPU = Release|Any CPU
	EndGlobalSection
	GlobalSection(ProjectConfigurationPlatforms) = postSolution
		{42407518-6F18-401E-BDA2-730BE36DFF26}.Debug|Any CPU.ActiveCfg = Debug|Any CPU
		{42407518-6F18-401E-BDA2-730BE36DFF26}.Debug|Any CPU.Build.0 = Debug|Any CPU
		{42407518-6F18-401E-BDA2-730BE36DFF26}.Release|Any CPU.ActiveCfg = Release|Any CPU
		{42407518-6F18-401E-BDA2-730BE36DFF26}.Release|Any CPU.Build.0 = Release|Any CPU
	EndGlobalSection
	GlobalSection(MonoDevelopProperties) = preSolution
		StartupItem = MonoDevelop.Debugger.Soft.Unity.csproj
	EndGlobalSection
EndGlobal
